
Microsoft Visual Studio Solution File, Format Version 12.00
# Visual Studio 15
VisualStudioVersion = 15.0.26124.0
MinimumVisualStudioVersion = 15.0.26124.0
Project("{FAE04EC0-301F-11D3-BF4B-00C04F79EFBC}") = "R5T.Code.VS.Construction", "R5T.Code.VS.Construction\R5T.Code.VS.Construction.csproj", "{77CEE3BC-240E-4EEA-BFB4-BC4E7A93A287}"
EndProject
Project("{FAE04EC0-301F-11D3-BF4B-00C04F79EFBC}") = "R5T.Code.VS", "R5T.Code.VS\R5T.Code.VS.csproj", "{432C027A-CDDE-43FE-A88E-B2B7E207392D}"
EndProject
Project("{FAE04EC0-301F-11D3-BF4B-00C04F79EFBC}") = "R5T.Code.VS.Testing", "R5T.Code.VS.Testing\R5T.Code.VS.Testing.csproj", "{378D9906-09B4-408B-B62A-BADF68514486}"
EndProject
Global
	GlobalSection(SolutionConfigurationPlatforms) = preSolution
		Debug|Any CPU = Debug|Any CPU
		Debug|x64 = Debug|x64
		Debug|x86 = Debug|x86
		Release|Any CPU = Release|Any CPU
		Release|x64 = Release|x64
		Release|x86 = Release|x86
	EndGlobalSection
	GlobalSection(SolutionProperties) = preSolution
		HideSolutionNode = FALSE
	EndGlobalSection
	GlobalSection(ProjectConfigurationPlatforms) = postSolution
		{77CEE3BC-240E-4EEA-BFB4-BC4E7A93A287}.Debug|Any CPU.ActiveCfg = Debug|Any CPU
		{77CEE3BC-240E-4EEA-BFB4-BC4E7A93A287}.Debug|Any CPU.Build.0 = Debug|Any CPU
		{77CEE3BC-240E-4EEA-BFB4-BC4E7A93A287}.Debug|x64.ActiveCfg = Debug|Any CPU
		{77CEE3BC-240E-4EEA-BFB4-BC4E7A93A287}.Debug|x64.Build.0 = Debug|Any CPU
		{77CEE3BC-240E-4EEA-BFB4-BC4E7A93A287}.Debug|x86.ActiveCfg = Debug|Any CPU
		{77CEE3BC-240E-4EEA-BFB4-BC4E7A93A287}.Debug|x86.Build.0 = Debug|Any CPU
		{77CEE3BC-240E-4EEA-BFB4-BC4E7A93A287}.Release|Any CPU.ActiveCfg = Release|Any CPU
		{77CEE3BC-240E-4EEA-BFB4-BC4E7A93A287}.Release|Any CPU.Build.0 = Release|Any CPU
		{77CEE3BC-240E-4EEA-BFB4-BC4E7A93A287}.Release|x64.ActiveCfg = Release|Any CPU
		{77CEE3BC-240E-4EEA-BFB4-BC4E7A93A287}.Release|x64.Build.0 = Release|Any CPU
		{77CEE3BC-240E-4EEA-BFB4-BC4E7A93A287}.Release|x86.ActiveCfg = Release|Any CPU
		{77CEE3BC-240E-4EEA-BFB4-BC4E7A93A287}.Release|x86.Build.0 = Release|Any CPU
		{432C027A-CDDE-43FE-A88E-B2B7E207392D}.Debug|Any CPU.ActiveCfg = Debug|Any CPU
		{432C027A-CDDE-43FE-A88E-B2B7E207392D}.Debug|Any CPU.Build.0 = Debug|Any CPU
		{432C027A-CDDE-43FE-A88E-B2B7E207392D}.Debug|x64.ActiveCfg = Debug|Any CPU
		{432C027A-CDDE-43FE-A88E-B2B7E207392D}.Debug|x64.Build.0 = Debug|Any CPU
		{432C027A-CDDE-43FE-A88E-B2B7E207392D}.Debug|x86.ActiveCfg = Debug|Any CPU
		{432C027A-CDDE-43FE-A88E-B2B7E207392D}.Debug|x86.Build.0 = Debug|Any CPU
		{432C027A-CDDE-43FE-A88E-B2B7E207392D}.Release|Any CPU.ActiveCfg = Release|Any CPU
		{432C027A-CDDE-43FE-A88E-B2B7E207392D}.Release|Any CPU.Build.0 = Release|Any CPU
		{432C027A-CDDE-43FE-A88E-B2B7E207392D}.Release|x64.ActiveCfg = Release|Any CPU
		{432C027A-CDDE-43FE-A88E-B2B7E207392D}.Release|x64.Build.0 = Release|Any CPU
		{432C027A-CDDE-43FE-A88E-B2B7E207392D}.Release|x86.ActiveCfg = Release|Any CPU
		{432C027A-CDDE-43FE-A88E-B2B7E207392D}.Release|x86.Build.0 = Release|Any CPU
		{378D9906-09B4-408B-B62A-BADF68514486}.Debug|Any CPU.ActiveCfg = Debug|Any CPU
		{378D9906-09B4-408B-B62A-BADF68514486}.Debug|Any CPU.Build.0 = Debug|Any CPU
		{378D9906-09B4-408B-B62A-BADF68514486}.Debug|x64.ActiveCfg = Debug|Any CPU
		{378D9906-09B4-408B-B62A-BADF68514486}.Debug|x64.Build.0 = Debug|Any CPU
		{378D9906-09B4-408B-B62A-BADF68514486}.Debug|x86.ActiveCfg = Debug|Any CPU
		{378D9906-09B4-408B-B62A-BADF68514486}.Debug|x86.Build.0 = Debug|Any CPU
		{378D9906-09B4-408B-B62A-BADF68514486}.Release|Any CPU.ActiveCfg = Release|Any CPU
		{378D9906-09B4-408B-B62A-BADF68514486}.Release|Any CPU.Build.0 = Release|Any CPU
		{378D9906-09B4-408B-B62A-BADF68514486}.Release|x64.ActiveCfg = Release|Any CPU
		{378D9906-09B4-408B-B62A-BADF68514486}.Release|x64.Build.0 = Release|Any CPU
		{378D9906-09B4-408B-B62A-BADF68514486}.Release|x86.ActiveCfg = Release|Any CPU
		{378D9906-09B4-408B-B62A-BADF68514486}.Release|x86.Build.0 = Release|Any CPU
	EndGlobalSection
EndGlobal
