
Microsoft Visual Studio Solution File, Format Version 12.00
# Visual Studio Version 16
VisualStudioVersion = 16.0.30114.105
MinimumVisualStudioVersion = 10.0.40219.1
Project("{FAE04EC0-301F-11D3-BF4B-00C04F79EFBC}") = "R5T.Code.VS", "R5T.Code.VS\R5T.Code.VS.csproj", "{5EF4C174-BEF4-498A-B68B-4979796E0450}"
EndProject
Project("{FAE04EC0-301F-11D3-BF4B-00C04F79EFBC}") = "R5T.Code.VS_NuGet", "R5T.Code.VS\R5T.Code.VS_NuGet.csproj", "{4F724210-6CD5-4193-A86C-3BA8A8642C7F}"
EndProject
Project("{FAE04EC0-301F-11D3-BF4B-00C04F79EFBC}") = "R5T.Code.VS.Construction", "R5T.Code.VS.Construction\R5T.Code.VS.Construction.csproj", "{AF711D61-B041-4738-A624-22EE1C898228}"
EndProject
Project("{FAE04EC0-301F-11D3-BF4B-00C04F79EFBC}") = "R5T.Code.VS.Testing", "R5T.Code.VS.Testing\R5T.Code.VS.Testing.csproj", "{3D1582FC-CDF9-4B45-BCD9-A755904389BC}"
EndProject
Global
	GlobalSection(SolutionConfigurationPlatforms) = preSolution
		Debug|Any CPU = Debug|Any CPU
		Debug|x64 = Debug|x64
		Debug|x86 = Debug|x86
		Release|Any CPU = Release|Any CPU
		Release|x64 = Release|x64
		Release|x86 = Release|x86
	EndGlobalSection
	GlobalSection(SolutionProperties) = preSolution
		HideSolutionNode = FALSE
	EndGlobalSection
	GlobalSection(ProjectConfigurationPlatforms) = postSolution
		{5EF4C174-BEF4-498A-B68B-4979796E0450}.Debug|Any CPU.ActiveCfg = Debug|Any CPU
		{5EF4C174-BEF4-498A-B68B-4979796E0450}.Debug|Any CPU.Build.0 = Debug|Any CPU
		{5EF4C174-BEF4-498A-B68B-4979796E0450}.Debug|x64.ActiveCfg = Debug|Any CPU
		{5EF4C174-BEF4-498A-B68B-4979796E0450}.Debug|x64.Build.0 = Debug|Any CPU
		{5EF4C174-BEF4-498A-B68B-4979796E0450}.Debug|x86.ActiveCfg = Debug|Any CPU
		{5EF4C174-BEF4-498A-B68B-4979796E0450}.Debug|x86.Build.0 = Debug|Any CPU
		{5EF4C174-BEF4-498A-B68B-4979796E0450}.Release|Any CPU.ActiveCfg = Release|Any CPU
		{5EF4C174-BEF4-498A-B68B-4979796E0450}.Release|Any CPU.Build.0 = Release|Any CPU
		{5EF4C174-BEF4-498A-B68B-4979796E0450}.Release|x64.ActiveCfg = Release|Any CPU
		{5EF4C174-BEF4-498A-B68B-4979796E0450}.Release|x64.Build.0 = Release|Any CPU
		{5EF4C174-BEF4-498A-B68B-4979796E0450}.Release|x86.ActiveCfg = Release|Any CPU
		{5EF4C174-BEF4-498A-B68B-4979796E0450}.Release|x86.Build.0 = Release|Any CPU
		{4F724210-6CD5-4193-A86C-3BA8A8642C7F}.Debug|Any CPU.ActiveCfg = Debug|Any CPU
		{4F724210-6CD5-4193-A86C-3BA8A8642C7F}.Debug|Any CPU.Build.0 = Debug|Any CPU
		{4F724210-6CD5-4193-A86C-3BA8A8642C7F}.Debug|x64.ActiveCfg = Debug|Any CPU
		{4F724210-6CD5-4193-A86C-3BA8A8642C7F}.Debug|x64.Build.0 = Debug|Any CPU
		{4F724210-6CD5-4193-A86C-3BA8A8642C7F}.Debug|x86.ActiveCfg = Debug|Any CPU
		{4F724210-6CD5-4193-A86C-3BA8A8642C7F}.Debug|x86.Build.0 = Debug|Any CPU
		{4F724210-6CD5-4193-A86C-3BA8A8642C7F}.Release|Any CPU.ActiveCfg = Release|Any CPU
		{4F724210-6CD5-4193-A86C-3BA8A8642C7F}.Release|Any CPU.Build.0 = Release|Any CPU
		{4F724210-6CD5-4193-A86C-3BA8A8642C7F}.Release|x64.ActiveCfg = Release|Any CPU
		{4F724210-6CD5-4193-A86C-3BA8A8642C7F}.Release|x64.Build.0 = Release|Any CPU
		{4F724210-6CD5-4193-A86C-3BA8A8642C7F}.Release|x86.ActiveCfg = Release|Any CPU
		{4F724210-6CD5-4193-A86C-3BA8A8642C7F}.Release|x86.Build.0 = Release|Any CPU
		{AF711D61-B041-4738-A624-22EE1C898228}.Debug|Any CPU.ActiveCfg = Debug|Any CPU
		{AF711D61-B041-4738-A624-22EE1C898228}.Debug|Any CPU.Build.0 = Debug|Any CPU
		{AF711D61-B041-4738-A624-22EE1C898228}.Debug|x64.ActiveCfg = Debug|Any CPU
		{AF711D61-B041-4738-A624-22EE1C898228}.Debug|x64.Build.0 = Debug|Any CPU
		{AF711D61-B041-4738-A624-22EE1C898228}.Debug|x86.ActiveCfg = Debug|Any CPU
		{AF711D61-B041-4738-A624-22EE1C898228}.Debug|x86.Build.0 = Debug|Any CPU
		{AF711D61-B041-4738-A624-22EE1C898228}.Release|Any CPU.ActiveCfg = Release|Any CPU
		{AF711D61-B041-4738-A624-22EE1C898228}.Release|Any CPU.Build.0 = Release|Any CPU
		{AF711D61-B041-4738-A624-22EE1C898228}.Release|x64.ActiveCfg = Release|Any CPU
		{AF711D61-B041-4738-A624-22EE1C898228}.Release|x64.Build.0 = Release|Any CPU
		{AF711D61-B041-4738-A624-22EE1C898228}.Release|x86.ActiveCfg = Release|Any CPU
		{AF711D61-B041-4738-A624-22EE1C898228}.Release|x86.Build.0 = Release|Any CPU
		{3D1582FC-CDF9-4B45-BCD9-A755904389BC}.Debug|Any CPU.ActiveCfg = Debug|Any CPU
		{3D1582FC-CDF9-4B45-BCD9-A755904389BC}.Debug|Any CPU.Build.0 = Debug|Any CPU
		{3D1582FC-CDF9-4B45-BCD9-A755904389BC}.Debug|x64.ActiveCfg = Debug|Any CPU
		{3D1582FC-CDF9-4B45-BCD9-A755904389BC}.Debug|x64.Build.0 = Debug|Any CPU
		{3D1582FC-CDF9-4B45-BCD9-A755904389BC}.Debug|x86.ActiveCfg = Debug|Any CPU
		{3D1582FC-CDF9-4B45-BCD9-A755904389BC}.Debug|x86.Build.0 = Debug|Any CPU
		{3D1582FC-CDF9-4B45-BCD9-A755904389BC}.Release|Any CPU.ActiveCfg = Release|Any CPU
		{3D1582FC-CDF9-4B45-BCD9-A755904389BC}.Release|Any CPU.Build.0 = Release|Any CPU
		{3D1582FC-CDF9-4B45-BCD9-A755904389BC}.Release|x64.ActiveCfg = Release|Any CPU
		{3D1582FC-CDF9-4B45-BCD9-A755904389BC}.Release|x64.Build.0 = Release|Any CPU
		{3D1582FC-CDF9-4B45-BCD9-A755904389BC}.Release|x86.ActiveCfg = Release|Any CPU
		{3D1582FC-CDF9-4B45-BCD9-A755904389BC}.Release|x86.Build.0 = Release|Any CPU
	EndGlobalSection
EndGlobal
