
Microsoft Visual Studio Solution File, Format Version 12.00
# Visual Studio 15
VisualStudioVersion = 15.0.26124.0
MinimumVisualStudioVersion = 15.0.26124.0
Project("{9A19103F-16F7-4668-BE54-9A1E7A4F7556}") = "R5T.Code.VS.Construction", "R5T.Code.VS.Construction\R5T.Code.VS.Construction.csproj", "{77CEE3BC-240E-4EEA-BFB4-BC4E7A93A287}"
EndProject
Project("{9A19103F-16F7-4668-BE54-9A1E7A4F7556}") = "R5T.Code.VS", "R5T.Code.VS\R5T.Code.VS.csproj", "{432C027A-CDDE-43FE-A88E-B2B7E207392D}"
EndProject
Project("{9A19103F-16F7-4668-BE54-9A1E7A4F7556}") = "R5T.Code.VS.Testing", "R5T.Code.VS.Testing\R5T.Code.VS.Testing.csproj", "{378D9906-09B4-408B-B62A-BADF68514486}"
EndProject
Project("{2150E333-8FDC-42A3-9474-1A3956D46DE8}") = "_Dependencies", "_Dependencies", "{04DBC3C6-E389-4DF5-83B0-6329C5FFE42D}"
EndProject
Project("{9A19103F-16F7-4668-BE54-9A1E7A4F7556}") = "R5T.Code.VS.Types", "..\..\R5T.Code.VS.Types\source\R5T.Code.VS.Types\R5T.Code.VS.Types.csproj", "{E862026D-219F-4445-AD6D-41EBC50A53EF}"
EndProject
Project("{9A19103F-16F7-4668-BE54-9A1E7A4F7556}") = "R5T.NetStandard.IO.Paths", "..\..\R5T.NetStandard.IO.Paths\source\R5T.NetStandard.IO.Paths\R5T.NetStandard.IO.Paths.csproj", "{65719369-8CA7-41A2-846B-ECBCFFF3F9BE}"
EndProject
Project("{9A19103F-16F7-4668-BE54-9A1E7A4F7556}") = "R5T.Tools.Dotnet.Types", "..\..\R5T.Tools.Dotnet.Types\source\R5T.Tools.Dotnet.Types\R5T.Tools.Dotnet.Types.csproj", "{6F60839F-69F2-44BF-B1EF-AE691AEA200D}"
EndProject
Project("{9A19103F-16F7-4668-BE54-9A1E7A4F7556}") = "R5T.Tools.NuGet.Types", "..\..\R5T.Tools.NuGet.Types\source\R5T.Tools.NuGet.Types\R5T.Tools.NuGet.Types.csproj", "{8E838EA9-8C3D-4208-9474-D99523A859BE}"
EndProject
Project("{9A19103F-16F7-4668-BE54-9A1E7A4F7556}") = "R5T.Code.VS.IO.Types", "..\..\R5T.Code.VS.IO.Types\source\R5T.Code.VS.IO.Types\R5T.Code.VS.IO.Types.csproj", "{37A01839-CE31-450B-A4AB-0C731FE39BAE}"
EndProject
Project("{9A19103F-16F7-4668-BE54-9A1E7A4F7556}") = "R5T.NetStandard.IO.Paths.Types", "..\..\R5T.NetStandard.IO.Paths.Types\source\R5T.NetStandard.IO.Paths.Types\R5T.NetStandard.IO.Paths.Types.csproj", "{1C7CB305-3575-43A8-90C7-1C395810468E}"
EndProject
Project("{9A19103F-16F7-4668-BE54-9A1E7A4F7556}") = "R5T.NetStandard.TypedString", "..\..\R5T.NetStandard.TypedString\source\R5T.NetStandard.TypedString\R5T.NetStandard.TypedString.csproj", "{0C5C83EF-1BE1-46E5-B222-15819CB28883}"
EndProject
Project("{9A19103F-16F7-4668-BE54-9A1E7A4F7556}") = "R5T.NetStandard.Types", "..\..\R5T.NetStandard.Types\source\R5T.NetStandard.Types\R5T.NetStandard.Types.csproj", "{E1711231-04E3-41A9-9828-A1D5FD81EF1E}"
EndProject
Project("{9A19103F-16F7-4668-BE54-9A1E7A4F7556}") = "R5T.Code.VS.Types.Core", "..\..\R5T.Code.VS.Types.Core\source\R5T.Code.VS.Types.Core\R5T.Code.VS.Types.Core.csproj", "{9442531D-B7B2-4816-A33B-BBD5E270A380}"
EndProject
Project("{9A19103F-16F7-4668-BE54-9A1E7A4F7556}") = "R5T.NetStandard.OS", "..\..\R5T.NetStandard.OS\source\R5T.NetStandard.OS\R5T.NetStandard.OS.csproj", "{8B00E03E-A7CA-4DA2-A446-4C60B5BA1855}"
EndProject
Project("{9A19103F-16F7-4668-BE54-9A1E7A4F7556}") = "R5T.NetStandard.IO.Types", "..\..\R5T.NetStandard.IO.Types\source\R5T.NetStandard.IO.Types\R5T.NetStandard.IO.Types.csproj", "{2C724C32-595B-4C21-B19F-C499159E7950}"
EndProject
Project("{9A19103F-16F7-4668-BE54-9A1E7A4F7556}") = "R5T.NetStandard.OS.Types", "..\..\R5T.NetStandard.OS.Types\source\R5T.NetStandard.OS.Types\R5T.NetStandard.OS.Types.csproj", "{3FE791DF-F63E-4C3C-A42E-AF9261D9BF35}"
EndProject
Global
	GlobalSection(SolutionConfigurationPlatforms) = preSolution
		Debug|Any CPU = Debug|Any CPU
		Debug|x64 = Debug|x64
		Debug|x86 = Debug|x86
		Release|Any CPU = Release|Any CPU
		Release|x64 = Release|x64
		Release|x86 = Release|x86
	EndGlobalSection
	GlobalSection(ProjectConfigurationPlatforms) = postSolution
		{77CEE3BC-240E-4EEA-BFB4-BC4E7A93A287}.Debug|Any CPU.ActiveCfg = Debug|Any CPU
		{77CEE3BC-240E-4EEA-BFB4-BC4E7A93A287}.Debug|Any CPU.Build.0 = Debug|Any CPU
		{77CEE3BC-240E-4EEA-BFB4-BC4E7A93A287}.Debug|x64.ActiveCfg = Debug|Any CPU
		{77CEE3BC-240E-4EEA-BFB4-BC4E7A93A287}.Debug|x64.Build.0 = Debug|Any CPU
		{77CEE3BC-240E-4EEA-BFB4-BC4E7A93A287}.Debug|x86.ActiveCfg = Debug|Any CPU
		{77CEE3BC-240E-4EEA-BFB4-BC4E7A93A287}.Debug|x86.Build.0 = Debug|Any CPU
		{77CEE3BC-240E-4EEA-BFB4-BC4E7A93A287}.Release|Any CPU.ActiveCfg = Release|Any CPU
		{77CEE3BC-240E-4EEA-BFB4-BC4E7A93A287}.Release|Any CPU.Build.0 = Release|Any CPU
		{77CEE3BC-240E-4EEA-BFB4-BC4E7A93A287}.Release|x64.ActiveCfg = Release|Any CPU
		{77CEE3BC-240E-4EEA-BFB4-BC4E7A93A287}.Release|x64.Build.0 = Release|Any CPU
		{77CEE3BC-240E-4EEA-BFB4-BC4E7A93A287}.Release|x86.ActiveCfg = Release|Any CPU
		{77CEE3BC-240E-4EEA-BFB4-BC4E7A93A287}.Release|x86.Build.0 = Release|Any CPU
		{432C027A-CDDE-43FE-A88E-B2B7E207392D}.Debug|Any CPU.ActiveCfg = Debug|Any CPU
		{432C027A-CDDE-43FE-A88E-B2B7E207392D}.Debug|Any CPU.Build.0 = Debug|Any CPU
		{432C027A-CDDE-43FE-A88E-B2B7E207392D}.Debug|x64.ActiveCfg = Debug|Any CPU
		{432C027A-CDDE-43FE-A88E-B2B7E207392D}.Debug|x64.Build.0 = Debug|Any CPU
		{432C027A-CDDE-43FE-A88E-B2B7E207392D}.Debug|x86.ActiveCfg = Debug|Any CPU
		{432C027A-CDDE-43FE-A88E-B2B7E207392D}.Debug|x86.Build.0 = Debug|Any CPU
		{432C027A-CDDE-43FE-A88E-B2B7E207392D}.Release|Any CPU.ActiveCfg = Release|Any CPU
		{432C027A-CDDE-43FE-A88E-B2B7E207392D}.Release|Any CPU.Build.0 = Release|Any CPU
		{432C027A-CDDE-43FE-A88E-B2B7E207392D}.Release|x64.ActiveCfg = Release|Any CPU
		{432C027A-CDDE-43FE-A88E-B2B7E207392D}.Release|x64.Build.0 = Release|Any CPU
		{432C027A-CDDE-43FE-A88E-B2B7E207392D}.Release|x86.ActiveCfg = Release|Any CPU
		{432C027A-CDDE-43FE-A88E-B2B7E207392D}.Release|x86.Build.0 = Release|Any CPU
		{378D9906-09B4-408B-B62A-BADF68514486}.Debug|Any CPU.ActiveCfg = Debug|Any CPU
		{378D9906-09B4-408B-B62A-BADF68514486}.Debug|Any CPU.Build.0 = Debug|Any CPU
		{378D9906-09B4-408B-B62A-BADF68514486}.Debug|x64.ActiveCfg = Debug|Any CPU
		{378D9906-09B4-408B-B62A-BADF68514486}.Debug|x64.Build.0 = Debug|Any CPU
		{378D9906-09B4-408B-B62A-BADF68514486}.Debug|x86.ActiveCfg = Debug|Any CPU
		{378D9906-09B4-408B-B62A-BADF68514486}.Debug|x86.Build.0 = Debug|Any CPU
		{378D9906-09B4-408B-B62A-BADF68514486}.Release|Any CPU.ActiveCfg = Release|Any CPU
		{378D9906-09B4-408B-B62A-BADF68514486}.Release|Any CPU.Build.0 = Release|Any CPU
		{378D9906-09B4-408B-B62A-BADF68514486}.Release|x64.ActiveCfg = Release|Any CPU
		{378D9906-09B4-408B-B62A-BADF68514486}.Release|x64.Build.0 = Release|Any CPU
		{378D9906-09B4-408B-B62A-BADF68514486}.Release|x86.ActiveCfg = Release|Any CPU
		{378D9906-09B4-408B-B62A-BADF68514486}.Release|x86.Build.0 = Release|Any CPU
		{E862026D-219F-4445-AD6D-41EBC50A53EF}.Debug|Any CPU.ActiveCfg = Debug|Any CPU
		{E862026D-219F-4445-AD6D-41EBC50A53EF}.Debug|Any CPU.Build.0 = Debug|Any CPU
		{E862026D-219F-4445-AD6D-41EBC50A53EF}.Debug|x64.ActiveCfg = Debug|Any CPU
		{E862026D-219F-4445-AD6D-41EBC50A53EF}.Debug|x64.Build.0 = Debug|Any CPU
		{E862026D-219F-4445-AD6D-41EBC50A53EF}.Debug|x86.ActiveCfg = Debug|Any CPU
		{E862026D-219F-4445-AD6D-41EBC50A53EF}.Debug|x86.Build.0 = Debug|Any CPU
		{E862026D-219F-4445-AD6D-41EBC50A53EF}.Release|Any CPU.ActiveCfg = Release|Any CPU
		{E862026D-219F-4445-AD6D-41EBC50A53EF}.Release|Any CPU.Build.0 = Release|Any CPU
		{E862026D-219F-4445-AD6D-41EBC50A53EF}.Release|x64.ActiveCfg = Release|Any CPU
		{E862026D-219F-4445-AD6D-41EBC50A53EF}.Release|x64.Build.0 = Release|Any CPU
		{E862026D-219F-4445-AD6D-41EBC50A53EF}.Release|x86.ActiveCfg = Release|Any CPU
		{E862026D-219F-4445-AD6D-41EBC50A53EF}.Release|x86.Build.0 = Release|Any CPU
		{65719369-8CA7-41A2-846B-ECBCFFF3F9BE}.Debug|Any CPU.ActiveCfg = Debug|Any CPU
		{65719369-8CA7-41A2-846B-ECBCFFF3F9BE}.Debug|Any CPU.Build.0 = Debug|Any CPU
		{65719369-8CA7-41A2-846B-ECBCFFF3F9BE}.Debug|x64.ActiveCfg = Debug|Any CPU
		{65719369-8CA7-41A2-846B-ECBCFFF3F9BE}.Debug|x64.Build.0 = Debug|Any CPU
		{65719369-8CA7-41A2-846B-ECBCFFF3F9BE}.Debug|x86.ActiveCfg = Debug|Any CPU
		{65719369-8CA7-41A2-846B-ECBCFFF3F9BE}.Debug|x86.Build.0 = Debug|Any CPU
		{65719369-8CA7-41A2-846B-ECBCFFF3F9BE}.Release|Any CPU.ActiveCfg = Release|Any CPU
		{65719369-8CA7-41A2-846B-ECBCFFF3F9BE}.Release|Any CPU.Build.0 = Release|Any CPU
		{65719369-8CA7-41A2-846B-ECBCFFF3F9BE}.Release|x64.ActiveCfg = Release|Any CPU
		{65719369-8CA7-41A2-846B-ECBCFFF3F9BE}.Release|x64.Build.0 = Release|Any CPU
		{65719369-8CA7-41A2-846B-ECBCFFF3F9BE}.Release|x86.ActiveCfg = Release|Any CPU
		{65719369-8CA7-41A2-846B-ECBCFFF3F9BE}.Release|x86.Build.0 = Release|Any CPU
		{6F60839F-69F2-44BF-B1EF-AE691AEA200D}.Debug|Any CPU.ActiveCfg = Debug|Any CPU
		{6F60839F-69F2-44BF-B1EF-AE691AEA200D}.Debug|Any CPU.Build.0 = Debug|Any CPU
		{6F60839F-69F2-44BF-B1EF-AE691AEA200D}.Debug|x64.ActiveCfg = Debug|Any CPU
		{6F60839F-69F2-44BF-B1EF-AE691AEA200D}.Debug|x64.Build.0 = Debug|Any CPU
		{6F60839F-69F2-44BF-B1EF-AE691AEA200D}.Debug|x86.ActiveCfg = Debug|Any CPU
		{6F60839F-69F2-44BF-B1EF-AE691AEA200D}.Debug|x86.Build.0 = Debug|Any CPU
		{6F60839F-69F2-44BF-B1EF-AE691AEA200D}.Release|Any CPU.ActiveCfg = Release|Any CPU
		{6F60839F-69F2-44BF-B1EF-AE691AEA200D}.Release|Any CPU.Build.0 = Release|Any CPU
		{6F60839F-69F2-44BF-B1EF-AE691AEA200D}.Release|x64.ActiveCfg = Release|Any CPU
		{6F60839F-69F2-44BF-B1EF-AE691AEA200D}.Release|x64.Build.0 = Release|Any CPU
		{6F60839F-69F2-44BF-B1EF-AE691AEA200D}.Release|x86.ActiveCfg = Release|Any CPU
		{6F60839F-69F2-44BF-B1EF-AE691AEA200D}.Release|x86.Build.0 = Release|Any CPU
		{8E838EA9-8C3D-4208-9474-D99523A859BE}.Debug|Any CPU.ActiveCfg = Debug|Any CPU
		{8E838EA9-8C3D-4208-9474-D99523A859BE}.Debug|Any CPU.Build.0 = Debug|Any CPU
		{8E838EA9-8C3D-4208-9474-D99523A859BE}.Debug|x64.ActiveCfg = Debug|Any CPU
		{8E838EA9-8C3D-4208-9474-D99523A859BE}.Debug|x64.Build.0 = Debug|Any CPU
		{8E838EA9-8C3D-4208-9474-D99523A859BE}.Debug|x86.ActiveCfg = Debug|Any CPU
		{8E838EA9-8C3D-4208-9474-D99523A859BE}.Debug|x86.Build.0 = Debug|Any CPU
		{8E838EA9-8C3D-4208-9474-D99523A859BE}.Release|Any CPU.ActiveCfg = Release|Any CPU
		{8E838EA9-8C3D-4208-9474-D99523A859BE}.Release|Any CPU.Build.0 = Release|Any CPU
		{8E838EA9-8C3D-4208-9474-D99523A859BE}.Release|x64.ActiveCfg = Release|Any CPU
		{8E838EA9-8C3D-4208-9474-D99523A859BE}.Release|x64.Build.0 = Release|Any CPU
		{8E838EA9-8C3D-4208-9474-D99523A859BE}.Release|x86.ActiveCfg = Release|Any CPU
		{8E838EA9-8C3D-4208-9474-D99523A859BE}.Release|x86.Build.0 = Release|Any CPU
		{37A01839-CE31-450B-A4AB-0C731FE39BAE}.Debug|Any CPU.ActiveCfg = Debug|Any CPU
		{37A01839-CE31-450B-A4AB-0C731FE39BAE}.Debug|Any CPU.Build.0 = Debug|Any CPU
		{37A01839-CE31-450B-A4AB-0C731FE39BAE}.Debug|x64.ActiveCfg = Debug|Any CPU
		{37A01839-CE31-450B-A4AB-0C731FE39BAE}.Debug|x64.Build.0 = Debug|Any CPU
		{37A01839-CE31-450B-A4AB-0C731FE39BAE}.Debug|x86.ActiveCfg = Debug|Any CPU
		{37A01839-CE31-450B-A4AB-0C731FE39BAE}.Debug|x86.Build.0 = Debug|Any CPU
		{37A01839-CE31-450B-A4AB-0C731FE39BAE}.Release|Any CPU.ActiveCfg = Release|Any CPU
		{37A01839-CE31-450B-A4AB-0C731FE39BAE}.Release|Any CPU.Build.0 = Release|Any CPU
		{37A01839-CE31-450B-A4AB-0C731FE39BAE}.Release|x64.ActiveCfg = Release|Any CPU
		{37A01839-CE31-450B-A4AB-0C731FE39BAE}.Release|x64.Build.0 = Release|Any CPU
		{37A01839-CE31-450B-A4AB-0C731FE39BAE}.Release|x86.ActiveCfg = Release|Any CPU
		{37A01839-CE31-450B-A4AB-0C731FE39BAE}.Release|x86.Build.0 = Release|Any CPU
		{1C7CB305-3575-43A8-90C7-1C395810468E}.Debug|Any CPU.ActiveCfg = Debug|Any CPU
		{1C7CB305-3575-43A8-90C7-1C395810468E}.Debug|Any CPU.Build.0 = Debug|Any CPU
		{1C7CB305-3575-43A8-90C7-1C395810468E}.Debug|x64.ActiveCfg = Debug|Any CPU
		{1C7CB305-3575-43A8-90C7-1C395810468E}.Debug|x64.Build.0 = Debug|Any CPU
		{1C7CB305-3575-43A8-90C7-1C395810468E}.Debug|x86.ActiveCfg = Debug|Any CPU
		{1C7CB305-3575-43A8-90C7-1C395810468E}.Debug|x86.Build.0 = Debug|Any CPU
		{1C7CB305-3575-43A8-90C7-1C395810468E}.Release|Any CPU.ActiveCfg = Release|Any CPU
		{1C7CB305-3575-43A8-90C7-1C395810468E}.Release|Any CPU.Build.0 = Release|Any CPU
		{1C7CB305-3575-43A8-90C7-1C395810468E}.Release|x64.ActiveCfg = Release|Any CPU
		{1C7CB305-3575-43A8-90C7-1C395810468E}.Release|x64.Build.0 = Release|Any CPU
		{1C7CB305-3575-43A8-90C7-1C395810468E}.Release|x86.ActiveCfg = Release|Any CPU
		{1C7CB305-3575-43A8-90C7-1C395810468E}.Release|x86.Build.0 = Release|Any CPU
		{0C5C83EF-1BE1-46E5-B222-15819CB28883}.Debug|Any CPU.ActiveCfg = Debug|Any CPU
		{0C5C83EF-1BE1-46E5-B222-15819CB28883}.Debug|Any CPU.Build.0 = Debug|Any CPU
		{0C5C83EF-1BE1-46E5-B222-15819CB28883}.Debug|x64.ActiveCfg = Debug|Any CPU
		{0C5C83EF-1BE1-46E5-B222-15819CB28883}.Debug|x64.Build.0 = Debug|Any CPU
		{0C5C83EF-1BE1-46E5-B222-15819CB28883}.Debug|x86.ActiveCfg = Debug|Any CPU
		{0C5C83EF-1BE1-46E5-B222-15819CB28883}.Debug|x86.Build.0 = Debug|Any CPU
		{0C5C83EF-1BE1-46E5-B222-15819CB28883}.Release|Any CPU.ActiveCfg = Release|Any CPU
		{0C5C83EF-1BE1-46E5-B222-15819CB28883}.Release|Any CPU.Build.0 = Release|Any CPU
		{0C5C83EF-1BE1-46E5-B222-15819CB28883}.Release|x64.ActiveCfg = Release|Any CPU
		{0C5C83EF-1BE1-46E5-B222-15819CB28883}.Release|x64.Build.0 = Release|Any CPU
		{0C5C83EF-1BE1-46E5-B222-15819CB28883}.Release|x86.ActiveCfg = Release|Any CPU
		{0C5C83EF-1BE1-46E5-B222-15819CB28883}.Release|x86.Build.0 = Release|Any CPU
		{E1711231-04E3-41A9-9828-A1D5FD81EF1E}.Debug|Any CPU.ActiveCfg = Debug|Any CPU
		{E1711231-04E3-41A9-9828-A1D5FD81EF1E}.Debug|Any CPU.Build.0 = Debug|Any CPU
		{E1711231-04E3-41A9-9828-A1D5FD81EF1E}.Debug|x64.ActiveCfg = Debug|Any CPU
		{E1711231-04E3-41A9-9828-A1D5FD81EF1E}.Debug|x64.Build.0 = Debug|Any CPU
		{E1711231-04E3-41A9-9828-A1D5FD81EF1E}.Debug|x86.ActiveCfg = Debug|Any CPU
		{E1711231-04E3-41A9-9828-A1D5FD81EF1E}.Debug|x86.Build.0 = Debug|Any CPU
		{E1711231-04E3-41A9-9828-A1D5FD81EF1E}.Release|Any CPU.ActiveCfg = Release|Any CPU
		{E1711231-04E3-41A9-9828-A1D5FD81EF1E}.Release|Any CPU.Build.0 = Release|Any CPU
		{E1711231-04E3-41A9-9828-A1D5FD81EF1E}.Release|x64.ActiveCfg = Release|Any CPU
		{E1711231-04E3-41A9-9828-A1D5FD81EF1E}.Release|x64.Build.0 = Release|Any CPU
		{E1711231-04E3-41A9-9828-A1D5FD81EF1E}.Release|x86.ActiveCfg = Release|Any CPU
		{E1711231-04E3-41A9-9828-A1D5FD81EF1E}.Release|x86.Build.0 = Release|Any CPU
		{9442531D-B7B2-4816-A33B-BBD5E270A380}.Debug|Any CPU.ActiveCfg = Debug|Any CPU
		{9442531D-B7B2-4816-A33B-BBD5E270A380}.Debug|Any CPU.Build.0 = Debug|Any CPU
		{9442531D-B7B2-4816-A33B-BBD5E270A380}.Debug|x64.ActiveCfg = Debug|Any CPU
		{9442531D-B7B2-4816-A33B-BBD5E270A380}.Debug|x64.Build.0 = Debug|Any CPU
		{9442531D-B7B2-4816-A33B-BBD5E270A380}.Debug|x86.ActiveCfg = Debug|Any CPU
		{9442531D-B7B2-4816-A33B-BBD5E270A380}.Debug|x86.Build.0 = Debug|Any CPU
		{9442531D-B7B2-4816-A33B-BBD5E270A380}.Release|Any CPU.ActiveCfg = Release|Any CPU
		{9442531D-B7B2-4816-A33B-BBD5E270A380}.Release|Any CPU.Build.0 = Release|Any CPU
		{9442531D-B7B2-4816-A33B-BBD5E270A380}.Release|x64.ActiveCfg = Release|Any CPU
		{9442531D-B7B2-4816-A33B-BBD5E270A380}.Release|x64.Build.0 = Release|Any CPU
		{9442531D-B7B2-4816-A33B-BBD5E270A380}.Release|x86.ActiveCfg = Release|Any CPU
		{9442531D-B7B2-4816-A33B-BBD5E270A380}.Release|x86.Build.0 = Release|Any CPU
		{8B00E03E-A7CA-4DA2-A446-4C60B5BA1855}.Debug|Any CPU.ActiveCfg = Debug|Any CPU
		{8B00E03E-A7CA-4DA2-A446-4C60B5BA1855}.Debug|Any CPU.Build.0 = Debug|Any CPU
		{8B00E03E-A7CA-4DA2-A446-4C60B5BA1855}.Debug|x64.ActiveCfg = Debug|Any CPU
		{8B00E03E-A7CA-4DA2-A446-4C60B5BA1855}.Debug|x64.Build.0 = Debug|Any CPU
		{8B00E03E-A7CA-4DA2-A446-4C60B5BA1855}.Debug|x86.ActiveCfg = Debug|Any CPU
		{8B00E03E-A7CA-4DA2-A446-4C60B5BA1855}.Debug|x86.Build.0 = Debug|Any CPU
		{8B00E03E-A7CA-4DA2-A446-4C60B5BA1855}.Release|Any CPU.ActiveCfg = Release|Any CPU
		{8B00E03E-A7CA-4DA2-A446-4C60B5BA1855}.Release|Any CPU.Build.0 = Release|Any CPU
		{8B00E03E-A7CA-4DA2-A446-4C60B5BA1855}.Release|x64.ActiveCfg = Release|Any CPU
		{8B00E03E-A7CA-4DA2-A446-4C60B5BA1855}.Release|x64.Build.0 = Release|Any CPU
		{8B00E03E-A7CA-4DA2-A446-4C60B5BA1855}.Release|x86.ActiveCfg = Release|Any CPU
		{8B00E03E-A7CA-4DA2-A446-4C60B5BA1855}.Release|x86.Build.0 = Release|Any CPU
		{2C724C32-595B-4C21-B19F-C499159E7950}.Debug|Any CPU.ActiveCfg = Debug|Any CPU
		{2C724C32-595B-4C21-B19F-C499159E7950}.Debug|Any CPU.Build.0 = Debug|Any CPU
		{2C724C32-595B-4C21-B19F-C499159E7950}.Debug|x64.ActiveCfg = Debug|Any CPU
		{2C724C32-595B-4C21-B19F-C499159E7950}.Debug|x64.Build.0 = Debug|Any CPU
		{2C724C32-595B-4C21-B19F-C499159E7950}.Debug|x86.ActiveCfg = Debug|Any CPU
		{2C724C32-595B-4C21-B19F-C499159E7950}.Debug|x86.Build.0 = Debug|Any CPU
		{2C724C32-595B-4C21-B19F-C499159E7950}.Release|Any CPU.ActiveCfg = Release|Any CPU
		{2C724C32-595B-4C21-B19F-C499159E7950}.Release|Any CPU.Build.0 = Release|Any CPU
		{2C724C32-595B-4C21-B19F-C499159E7950}.Release|x64.ActiveCfg = Release|Any CPU
		{2C724C32-595B-4C21-B19F-C499159E7950}.Release|x64.Build.0 = Release|Any CPU
		{2C724C32-595B-4C21-B19F-C499159E7950}.Release|x86.ActiveCfg = Release|Any CPU
		{2C724C32-595B-4C21-B19F-C499159E7950}.Release|x86.Build.0 = Release|Any CPU
		{3FE791DF-F63E-4C3C-A42E-AF9261D9BF35}.Debug|Any CPU.ActiveCfg = Debug|Any CPU
		{3FE791DF-F63E-4C3C-A42E-AF9261D9BF35}.Debug|Any CPU.Build.0 = Debug|Any CPU
		{3FE791DF-F63E-4C3C-A42E-AF9261D9BF35}.Debug|x64.ActiveCfg = Debug|Any CPU
		{3FE791DF-F63E-4C3C-A42E-AF9261D9BF35}.Debug|x64.Build.0 = Debug|Any CPU
		{3FE791DF-F63E-4C3C-A42E-AF9261D9BF35}.Debug|x86.ActiveCfg = Debug|Any CPU
		{3FE791DF-F63E-4C3C-A42E-AF9261D9BF35}.Debug|x86.Build.0 = Debug|Any CPU
		{3FE791DF-F63E-4C3C-A42E-AF9261D9BF35}.Release|Any CPU.ActiveCfg = Release|Any CPU
		{3FE791DF-F63E-4C3C-A42E-AF9261D9BF35}.Release|Any CPU.Build.0 = Release|Any CPU
		{3FE791DF-F63E-4C3C-A42E-AF9261D9BF35}.Release|x64.ActiveCfg = Release|Any CPU
		{3FE791DF-F63E-4C3C-A42E-AF9261D9BF35}.Release|x64.Build.0 = Release|Any CPU
		{3FE791DF-F63E-4C3C-A42E-AF9261D9BF35}.Release|x86.ActiveCfg = Release|Any CPU
		{3FE791DF-F63E-4C3C-A42E-AF9261D9BF35}.Release|x86.Build.0 = Release|Any CPU
	EndGlobalSection
	GlobalSection(SolutionProperties) = preSolution
		HideSolutionNode = FALSE
	EndGlobalSection
	GlobalSection(NestedProjects) = preSolution
		{E862026D-219F-4445-AD6D-41EBC50A53EF} = {04DBC3C6-E389-4DF5-83B0-6329C5FFE42D}
		{65719369-8CA7-41A2-846B-ECBCFFF3F9BE} = {04DBC3C6-E389-4DF5-83B0-6329C5FFE42D}
		{6F60839F-69F2-44BF-B1EF-AE691AEA200D} = {04DBC3C6-E389-4DF5-83B0-6329C5FFE42D}
		{8E838EA9-8C3D-4208-9474-D99523A859BE} = {04DBC3C6-E389-4DF5-83B0-6329C5FFE42D}
		{37A01839-CE31-450B-A4AB-0C731FE39BAE} = {04DBC3C6-E389-4DF5-83B0-6329C5FFE42D}
		{1C7CB305-3575-43A8-90C7-1C395810468E} = {04DBC3C6-E389-4DF5-83B0-6329C5FFE42D}
		{0C5C83EF-1BE1-46E5-B222-15819CB28883} = {04DBC3C6-E389-4DF5-83B0-6329C5FFE42D}
		{E1711231-04E3-41A9-9828-A1D5FD81EF1E} = {04DBC3C6-E389-4DF5-83B0-6329C5FFE42D}
		{9442531D-B7B2-4816-A33B-BBD5E270A380} = {04DBC3C6-E389-4DF5-83B0-6329C5FFE42D}
		{8B00E03E-A7CA-4DA2-A446-4C60B5BA1855} = {04DBC3C6-E389-4DF5-83B0-6329C5FFE42D}
		{2C724C32-595B-4C21-B19F-C499159E7950} = {04DBC3C6-E389-4DF5-83B0-6329C5FFE42D}
		{3FE791DF-F63E-4C3C-A42E-AF9261D9BF35} = {04DBC3C6-E389-4DF5-83B0-6329C5FFE42D}
	EndGlobalSection
	GlobalSection(ExtensibilityGlobals) = postSolution
		SolutionGuid = {51850BB6-FADD-4B72-9020-456919BE00F2}
	EndGlobalSection
EndGlobal
